// !$*UTF8*$!
{
	archiveVersion = 1;
	classes = {
	};
	objectVersion = 55;
	objects = {

/* Begin PBXBuildFile section */
		80CA6E3D27B46D9E0015F1A2 /* WelcomeView.swift in Sources */ = {isa = PBXBuildFile; fileRef = 80CA6E3C27B46D9E0015F1A2 /* WelcomeView.swift */; };
		80CA6E4027B46FCE0015F1A2 /* GoogleAuthViewModel.swift in Sources */ = {isa = PBXBuildFile; fileRef = 80CA6E3F27B46FCE0015F1A2 /* GoogleAuthViewModel.swift */; };
		80CA6E4227B476710015F1A2 /* GoogleSignInButton.swift in Sources */ = {isa = PBXBuildFile; fileRef = 80CA6E4127B476710015F1A2 /* GoogleSignInButton.swift */; };
		80CA6E4827B47CD60015F1A2 /* ContentView.swift in Sources */ = {isa = PBXBuildFile; fileRef = 80CA6E4727B47CD60015F1A2 /* ContentView.swift */; };
		80CA6E4A27B480F50015F1A2 /* OnboardingView.swift in Sources */ = {isa = PBXBuildFile; fileRef = 80CA6E4927B480F50015F1A2 /* OnboardingView.swift */; };
		BA64372227B42B610078BA6A /* budgetizeApp.swift in Sources */ = {isa = PBXBuildFile; fileRef = BA64372127B42B610078BA6A /* budgetizeApp.swift */; };
		BA64372627B42B630078BA6A /* Assets.xcassets in Resources */ = {isa = PBXBuildFile; fileRef = BA64372527B42B630078BA6A /* Assets.xcassets */; };
		BA64372927B42B630078BA6A /* Preview Assets.xcassets in Resources */ = {isa = PBXBuildFile; fileRef = BA64372827B42B630078BA6A /* Preview Assets.xcassets */; };
		BA64373027B441C10078BA6A /* .gitignore in Resources */ = {isa = PBXBuildFile; fileRef = BA64372F27B441C10078BA6A /* .gitignore */; };
		BA64373227B519CF0078BA6A /* GoogleService-Info.plist in Resources */ = {isa = PBXBuildFile; fileRef = BA64373127B519CF0078BA6A /* GoogleService-Info.plist */; };
		CEC8838E1413B15222F841FA /* Pods_budgetize.framework in Frameworks */ = {isa = PBXBuildFile; fileRef = 46BE4CD344B355DF0329B71D /* Pods_budgetize.framework */; };
/* End PBXBuildFile section */

/* Begin PBXFileReference section */
		46BE4CD344B355DF0329B71D /* Pods_budgetize.framework */ = {isa = PBXFileReference; explicitFileType = wrapper.framework; includeInIndex = 0; path = Pods_budgetize.framework; sourceTree = BUILT_PRODUCTS_DIR; };
		78E79601C4C4FE0E9836270A /* Pods-budgetize.release.xcconfig */ = {isa = PBXFileReference; includeInIndex = 1; lastKnownFileType = text.xcconfig; name = "Pods-budgetize.release.xcconfig"; path = "Target Support Files/Pods-budgetize/Pods-budgetize.release.xcconfig"; sourceTree = "<group>"; };
		80CA6E3C27B46D9E0015F1A2 /* WelcomeView.swift */ = {isa = PBXFileReference; lastKnownFileType = sourcecode.swift; path = WelcomeView.swift; sourceTree = "<group>"; };
		80CA6E3E27B46F480015F1A2 /* Info.plist */ = {isa = PBXFileReference; lastKnownFileType = text.plist; path = Info.plist; sourceTree = "<group>"; };
		80CA6E3F27B46FCE0015F1A2 /* GoogleAuthViewModel.swift */ = {isa = PBXFileReference; lastKnownFileType = sourcecode.swift; path = GoogleAuthViewModel.swift; sourceTree = "<group>"; };
		80CA6E4127B476710015F1A2 /* GoogleSignInButton.swift */ = {isa = PBXFileReference; lastKnownFileType = sourcecode.swift; path = GoogleSignInButton.swift; sourceTree = "<group>"; };
		80CA6E4727B47CD60015F1A2 /* ContentView.swift */ = {isa = PBXFileReference; lastKnownFileType = sourcecode.swift; path = ContentView.swift; sourceTree = "<group>"; };
		80CA6E4927B480F50015F1A2 /* OnboardingView.swift */ = {isa = PBXFileReference; lastKnownFileType = sourcecode.swift; path = OnboardingView.swift; sourceTree = "<group>"; };
		8CCEBBF9F63D5ABA369A947A /* Pods-budgetize.debug.xcconfig */ = {isa = PBXFileReference; includeInIndex = 1; lastKnownFileType = text.xcconfig; name = "Pods-budgetize.debug.xcconfig"; path = "Target Support Files/Pods-budgetize/Pods-budgetize.debug.xcconfig"; sourceTree = "<group>"; };
		BA64371E27B42B610078BA6A /* budgetize.app */ = {isa = PBXFileReference; explicitFileType = wrapper.application; includeInIndex = 0; path = budgetize.app; sourceTree = BUILT_PRODUCTS_DIR; };
		BA64372127B42B610078BA6A /* budgetizeApp.swift */ = {isa = PBXFileReference; lastKnownFileType = sourcecode.swift; path = budgetizeApp.swift; sourceTree = "<group>"; };
		BA64372527B42B630078BA6A /* Assets.xcassets */ = {isa = PBXFileReference; lastKnownFileType = folder.assetcatalog; path = Assets.xcassets; sourceTree = "<group>"; };
		BA64372827B42B630078BA6A /* Preview Assets.xcassets */ = {isa = PBXFileReference; lastKnownFileType = folder.assetcatalog; path = "Preview Assets.xcassets"; sourceTree = "<group>"; };
		BA64372F27B441C10078BA6A /* .gitignore */ = {isa = PBXFileReference; fileEncoding = 4; lastKnownFileType = text; path = .gitignore; sourceTree = "<group>"; };
		BA64373127B519CF0078BA6A /* GoogleService-Info.plist */ = {isa = PBXFileReference; fileEncoding = 4; lastKnownFileType = text.plist.xml; path = "GoogleService-Info.plist"; sourceTree = "<group>"; };
/* End PBXFileReference section */

/* Begin PBXFrameworksBuildPhase section */
		BA64371B27B42B610078BA6A /* Frameworks */ = {
			isa = PBXFrameworksBuildPhase;
			buildActionMask = 2147483647;
			files = (
				CEC8838E1413B15222F841FA /* Pods_budgetize.framework in Frameworks */,
			);
			runOnlyForDeploymentPostprocessing = 0;
		};
/* End PBXFrameworksBuildPhase section */

/* Begin PBXGroup section */
		80703ADA27B433750046BBBA /* Models */ = {
			isa = PBXGroup;
			children = (
			);
			path = Models;
			sourceTree = "<group>";
		};
		80703ADB27B433800046BBBA /* Services */ = {
			isa = PBXGroup;
			children = (
			);
			path = Services;
			sourceTree = "<group>";
		};
		80703ADC27B4338B0046BBBA /* Views */ = {
			isa = PBXGroup;
			children = (
				80CA6E3C27B46D9E0015F1A2 /* WelcomeView.swift */,
				80CA6E4127B476710015F1A2 /* GoogleSignInButton.swift */,
				80CA6E4727B47CD60015F1A2 /* ContentView.swift */,
				80CA6E4927B480F50015F1A2 /* OnboardingView.swift */,
			);
			path = Views;
			sourceTree = "<group>";
		};
		80703ADD27B4339A0046BBBA /* ViewModels */ = {
			isa = PBXGroup;
			children = (
				80CA6E3F27B46FCE0015F1A2 /* GoogleAuthViewModel.swift */,
			);
			path = ViewModels;
			sourceTree = "<group>";
		};
		9D1441FD09B27A7D0933FDA8 /* Frameworks */ = {
			isa = PBXGroup;
			children = (
				46BE4CD344B355DF0329B71D /* Pods_budgetize.framework */,
			);
			name = Frameworks;
			sourceTree = "<group>";
		};
		BA64371527B42B610078BA6A = {
			isa = PBXGroup;
			children = (
				BA64372F27B441C10078BA6A /* .gitignore */,
				BA64372027B42B610078BA6A /* budgetize */,
				BA64371F27B42B610078BA6A /* Products */,
				FB337C2B942D19A135C31376 /* Pods */,
				9D1441FD09B27A7D0933FDA8 /* Frameworks */,
			);
			sourceTree = "<group>";
		};
		BA64371F27B42B610078BA6A /* Products */ = {
			isa = PBXGroup;
			children = (
				BA64371E27B42B610078BA6A /* budgetize.app */,
			);
			name = Products;
			sourceTree = "<group>";
		};
		BA64372027B42B610078BA6A /* budgetize */ = {
			isa = PBXGroup;
			children = (
				BA64373127B519CF0078BA6A /* GoogleService-Info.plist */,
				80CA6E3E27B46F480015F1A2 /* Info.plist */,
				80703ADD27B4339A0046BBBA /* ViewModels */,
				80703ADC27B4338B0046BBBA /* Views */,
				80703ADB27B433800046BBBA /* Services */,
				80703ADA27B433750046BBBA /* Models */,
				BA64372127B42B610078BA6A /* budgetizeApp.swift */,
				BA64372527B42B630078BA6A /* Assets.xcassets */,
				BA64372727B42B630078BA6A /* Preview Content */,
			);
			path = budgetize;
			sourceTree = "<group>";
		};
		BA64372727B42B630078BA6A /* Preview Content */ = {
			isa = PBXGroup;
			children = (
				BA64372827B42B630078BA6A /* Preview Assets.xcassets */,
			);
			path = "Preview Content";
			sourceTree = "<group>";
		};
		FB337C2B942D19A135C31376 /* Pods */ = {
			isa = PBXGroup;
			children = (
				8CCEBBF9F63D5ABA369A947A /* Pods-budgetize.debug.xcconfig */,
				78E79601C4C4FE0E9836270A /* Pods-budgetize.release.xcconfig */,
			);
			path = Pods;
			sourceTree = "<group>";
		};
/* End PBXGroup section */

/* Begin PBXNativeTarget section */
		BA64371D27B42B610078BA6A /* budgetize */ = {
			isa = PBXNativeTarget;
			buildConfigurationList = BA64372C27B42B630078BA6A /* Build configuration list for PBXNativeTarget "budgetize" */;
			buildPhases = (
				33499C320E426DE94660BC4A /* [CP] Check Pods Manifest.lock */,
				BA64371A27B42B610078BA6A /* Sources */,
				BA64371B27B42B610078BA6A /* Frameworks */,
				BA64371C27B42B610078BA6A /* Resources */,
				53249FD26226DAA42AAA728F /* [CP] Embed Pods Frameworks */,
			);
			buildRules = (
			);
			dependencies = (
			);
			name = budgetize;
			productName = budgetize;
			productReference = BA64371E27B42B610078BA6A /* budgetize.app */;
			productType = "com.apple.product-type.application";
		};
/* End PBXNativeTarget section */

/* Begin PBXProject section */
		BA64371627B42B610078BA6A /* Project object */ = {
			isa = PBXProject;
			attributes = {
				BuildIndependentTargetsInParallel = 1;
				LastSwiftUpdateCheck = 1320;
				LastUpgradeCheck = 1320;
				TargetAttributes = {
					BA64371D27B42B610078BA6A = {
						CreatedOnToolsVersion = 13.2;
					};
				};
			};
			buildConfigurationList = BA64371927B42B610078BA6A /* Build configuration list for PBXProject "budgetize" */;
			compatibilityVersion = "Xcode 13.0";
			developmentRegion = en;
			hasScannedForEncodings = 0;
			knownRegions = (
				en,
				Base,
			);
			mainGroup = BA64371527B42B610078BA6A;
			productRefGroup = BA64371F27B42B610078BA6A /* Products */;
			projectDirPath = "";
			projectRoot = "";
			targets = (
				BA64371D27B42B610078BA6A /* budgetize */,
			);
		};
/* End PBXProject section */

/* Begin PBXResourcesBuildPhase section */
		BA64371C27B42B610078BA6A /* Resources */ = {
			isa = PBXResourcesBuildPhase;
			buildActionMask = 2147483647;
			files = (
				BA64373027B441C10078BA6A /* .gitignore in Resources */,
				BA64373227B519CF0078BA6A /* GoogleService-Info.plist in Resources */,
				BA64372927B42B630078BA6A /* Preview Assets.xcassets in Resources */,
				BA64372627B42B630078BA6A /* Assets.xcassets in Resources */,
			);
			runOnlyForDeploymentPostprocessing = 0;
		};
/* End PBXResourcesBuildPhase section */

/* Begin PBXShellScriptBuildPhase section */
		33499C320E426DE94660BC4A /* [CP] Check Pods Manifest.lock */ = {
			isa = PBXShellScriptBuildPhase;
			buildActionMask = 2147483647;
			files = (
			);
			inputFileListPaths = (
			);
			inputPaths = (
				"${PODS_PODFILE_DIR_PATH}/Podfile.lock",
				"${PODS_ROOT}/Manifest.lock",
			);
			name = "[CP] Check Pods Manifest.lock";
			outputFileListPaths = (
			);
			outputPaths = (
				"$(DERIVED_FILE_DIR)/Pods-budgetize-checkManifestLockResult.txt",
			);
			runOnlyForDeploymentPostprocessing = 0;
			shellPath = /bin/sh;
			shellScript = "diff \"${PODS_PODFILE_DIR_PATH}/Podfile.lock\" \"${PODS_ROOT}/Manifest.lock\" > /dev/null\nif [ $? != 0 ] ; then\n    # print error to STDERR\n    echo \"error: The sandbox is not in sync with the Podfile.lock. Run 'pod install' or update your CocoaPods installation.\" >&2\n    exit 1\nfi\n# This output is used by Xcode 'outputs' to avoid re-running this script phase.\necho \"SUCCESS\" > \"${SCRIPT_OUTPUT_FILE_0}\"\n";
			showEnvVarsInLog = 0;
		};
		53249FD26226DAA42AAA728F /* [CP] Embed Pods Frameworks */ = {
			isa = PBXShellScriptBuildPhase;
			buildActionMask = 2147483647;
			files = (
			);
			inputFileListPaths = (
				"${PODS_ROOT}/Target Support Files/Pods-budgetize/Pods-budgetize-frameworks-${CONFIGURATION}-input-files.xcfilelist",
			);
			name = "[CP] Embed Pods Frameworks";
			outputFileListPaths = (
				"${PODS_ROOT}/Target Support Files/Pods-budgetize/Pods-budgetize-frameworks-${CONFIGURATION}-output-files.xcfilelist",
			);
			runOnlyForDeploymentPostprocessing = 0;
			shellPath = /bin/sh;
			shellScript = "\"${PODS_ROOT}/Target Support Files/Pods-budgetize/Pods-budgetize-frameworks.sh\"\n";
			showEnvVarsInLog = 0;
		};
/* End PBXShellScriptBuildPhase section */

/* Begin PBXSourcesBuildPhase section */
		BA64371A27B42B610078BA6A /* Sources */ = {
			isa = PBXSourcesBuildPhase;
			buildActionMask = 2147483647;
			files = (
				80CA6E4227B476710015F1A2 /* GoogleSignInButton.swift in Sources */,
				80CA6E4027B46FCE0015F1A2 /* GoogleAuthViewModel.swift in Sources */,
				80CA6E4827B47CD60015F1A2 /* ContentView.swift in Sources */,
				80CA6E4A27B480F50015F1A2 /* OnboardingView.swift in Sources */,
				BA64372227B42B610078BA6A /* budgetizeApp.swift in Sources */,
				80CA6E3D27B46D9E0015F1A2 /* WelcomeView.swift in Sources */,
			);
			runOnlyForDeploymentPostprocessing = 0;
		};
/* End PBXSourcesBuildPhase section */

/* Begin XCBuildConfiguration section */
		BA64372A27B42B630078BA6A /* Debug */ = {
			isa = XCBuildConfiguration;
			buildSettings = {
				ALWAYS_SEARCH_USER_PATHS = NO;
				CLANG_ANALYZER_NONNULL = YES;
				CLANG_ANALYZER_NUMBER_OBJECT_CONVERSION = YES_AGGRESSIVE;
				CLANG_CXX_LANGUAGE_STANDARD = "gnu++17";
				CLANG_CXX_LIBRARY = "libc++";
				CLANG_ENABLE_MODULES = YES;
				CLANG_ENABLE_OBJC_ARC = YES;
				CLANG_ENABLE_OBJC_WEAK = YES;
				CLANG_WARN_BLOCK_CAPTURE_AUTORELEASING = YES;
				CLANG_WARN_BOOL_CONVERSION = YES;
				CLANG_WARN_COMMA = YES;
				CLANG_WARN_CONSTANT_CONVERSION = YES;
				CLANG_WARN_DEPRECATED_OBJC_IMPLEMENTATIONS = YES;
				CLANG_WARN_DIRECT_OBJC_ISA_USAGE = YES_ERROR;
				CLANG_WARN_DOCUMENTATION_COMMENTS = YES;
				CLANG_WARN_EMPTY_BODY = YES;
				CLANG_WARN_ENUM_CONVERSION = YES;
				CLANG_WARN_INFINITE_RECURSION = YES;
				CLANG_WARN_INT_CONVERSION = YES;
				CLANG_WARN_NON_LITERAL_NULL_CONVERSION = YES;
				CLANG_WARN_OBJC_IMPLICIT_RETAIN_SELF = YES;
				CLANG_WARN_OBJC_LITERAL_CONVERSION = YES;
				CLANG_WARN_OBJC_ROOT_CLASS = YES_ERROR;
				CLANG_WARN_QUOTED_INCLUDE_IN_FRAMEWORK_HEADER = YES;
				CLANG_WARN_RANGE_LOOP_ANALYSIS = YES;
				CLANG_WARN_STRICT_PROTOTYPES = YES;
				CLANG_WARN_SUSPICIOUS_MOVE = YES;
				CLANG_WARN_UNGUARDED_AVAILABILITY = YES_AGGRESSIVE;
				CLANG_WARN_UNREACHABLE_CODE = YES;
				CLANG_WARN__DUPLICATE_METHOD_MATCH = YES;
				COPY_PHASE_STRIP = NO;
				DEBUG_INFORMATION_FORMAT = dwarf;
				ENABLE_STRICT_OBJC_MSGSEND = YES;
				ENABLE_TESTABILITY = YES;
				GCC_C_LANGUAGE_STANDARD = gnu11;
				GCC_DYNAMIC_NO_PIC = NO;
				GCC_NO_COMMON_BLOCKS = YES;
				GCC_OPTIMIZATION_LEVEL = 0;
				GCC_PREPROCESSOR_DEFINITIONS = (
					"DEBUG=1",
					"$(inherited)",
				);
				GCC_WARN_64_TO_32_BIT_CONVERSION = YES;
				GCC_WARN_ABOUT_RETURN_TYPE = YES_ERROR;
				GCC_WARN_UNDECLARED_SELECTOR = YES;
				GCC_WARN_UNINITIALIZED_AUTOS = YES_AGGRESSIVE;
				GCC_WARN_UNUSED_FUNCTION = YES;
				GCC_WARN_UNUSED_VARIABLE = YES;
				IPHONEOS_DEPLOYMENT_TARGET = 15.2;
				MTL_ENABLE_DEBUG_INFO = INCLUDE_SOURCE;
				MTL_FAST_MATH = YES;
				ONLY_ACTIVE_ARCH = YES;
				SDKROOT = iphoneos;
				SWIFT_ACTIVE_COMPILATION_CONDITIONS = DEBUG;
				SWIFT_OPTIMIZATION_LEVEL = "-Onone";
			};
			name = Debug;
		};
		BA64372B27B42B630078BA6A /* Release */ = {
			isa = XCBuildConfiguration;
			buildSettings = {
				ALWAYS_SEARCH_USER_PATHS = NO;
				CLANG_ANALYZER_NONNULL = YES;
				CLANG_ANALYZER_NUMBER_OBJECT_CONVERSION = YES_AGGRESSIVE;
				CLANG_CXX_LANGUAGE_STANDARD = "gnu++17";
				CLANG_CXX_LIBRARY = "libc++";
				CLANG_ENABLE_MODULES = YES;
				CLANG_ENABLE_OBJC_ARC = YES;
				CLANG_ENABLE_OBJC_WEAK = YES;
				CLANG_WARN_BLOCK_CAPTURE_AUTORELEASING = YES;
				CLANG_WARN_BOOL_CONVERSION = YES;
				CLANG_WARN_COMMA = YES;
				CLANG_WARN_CONSTANT_CONVERSION = YES;
				CLANG_WARN_DEPRECATED_OBJC_IMPLEMENTATIONS = YES;
				CLANG_WARN_DIRECT_OBJC_ISA_USAGE = YES_ERROR;
				CLANG_WARN_DOCUMENTATION_COMMENTS = YES;
				CLANG_WARN_EMPTY_BODY = YES;
				CLANG_WARN_ENUM_CONVERSION = YES;
				CLANG_WARN_INFINITE_RECURSION = YES;
				CLANG_WARN_INT_CONVERSION = YES;
				CLANG_WARN_NON_LITERAL_NULL_CONVERSION = YES;
				CLANG_WARN_OBJC_IMPLICIT_RETAIN_SELF = YES;
				CLANG_WARN_OBJC_LITERAL_CONVERSION = YES;
				CLANG_WARN_OBJC_ROOT_CLASS = YES_ERROR;
				CLANG_WARN_QUOTED_INCLUDE_IN_FRAMEWORK_HEADER = YES;
				CLANG_WARN_RANGE_LOOP_ANALYSIS = YES;
				CLANG_WARN_STRICT_PROTOTYPES = YES;
				CLANG_WARN_SUSPICIOUS_MOVE = YES;
				CLANG_WARN_UNGUARDED_AVAILABILITY = YES_AGGRESSIVE;
				CLANG_WARN_UNREACHABLE_CODE = YES;
				CLANG_WARN__DUPLICATE_METHOD_MATCH = YES;
				COPY_PHASE_STRIP = NO;
				DEBUG_INFORMATION_FORMAT = "dwarf-with-dsym";
				ENABLE_NS_ASSERTIONS = NO;
				ENABLE_STRICT_OBJC_MSGSEND = YES;
				GCC_C_LANGUAGE_STANDARD = gnu11;
				GCC_NO_COMMON_BLOCKS = YES;
				GCC_WARN_64_TO_32_BIT_CONVERSION = YES;
				GCC_WARN_ABOUT_RETURN_TYPE = YES_ERROR;
				GCC_WARN_UNDECLARED_SELECTOR = YES;
				GCC_WARN_UNINITIALIZED_AUTOS = YES_AGGRESSIVE;
				GCC_WARN_UNUSED_FUNCTION = YES;
				GCC_WARN_UNUSED_VARIABLE = YES;
				IPHONEOS_DEPLOYMENT_TARGET = 15.2;
				MTL_ENABLE_DEBUG_INFO = NO;
				MTL_FAST_MATH = YES;
				SDKROOT = iphoneos;
				SWIFT_COMPILATION_MODE = wholemodule;
				SWIFT_OPTIMIZATION_LEVEL = "-O";
				VALIDATE_PRODUCT = YES;
			};
			name = Release;
		};
		BA64372D27B42B630078BA6A /* Debug */ = {
			isa = XCBuildConfiguration;
			baseConfigurationReference = 8CCEBBF9F63D5ABA369A947A /* Pods-budgetize.debug.xcconfig */;
			buildSettings = {
				ASSETCATALOG_COMPILER_APPICON_NAME = AppIcon;
				ASSETCATALOG_COMPILER_GLOBAL_ACCENT_COLOR_NAME = AccentColor;
				CODE_SIGN_IDENTITY = "Apple Development";
				CODE_SIGN_STYLE = Automatic;
				CURRENT_PROJECT_VERSION = 1;
				DEVELOPMENT_ASSET_PATHS = "\"budgetize/Preview Content\"";
				DEVELOPMENT_TEAM = 5L3P894NU4;
				ENABLE_PREVIEWS = YES;
				GENERATE_INFOPLIST_FILE = YES;
				INFOPLIST_FILE = budgetize/Info.plist;
				INFOPLIST_KEY_UIApplicationSceneManifest_Generation = YES;
				INFOPLIST_KEY_UIApplicationSupportsIndirectInputEvents = YES;
				INFOPLIST_KEY_UILaunchScreen_Generation = YES;
				INFOPLIST_KEY_UISupportedInterfaceOrientations_iPad = "UIInterfaceOrientationPortrait UIInterfaceOrientationPortraitUpsideDown UIInterfaceOrientationLandscapeLeft UIInterfaceOrientationLandscapeRight";
				INFOPLIST_KEY_UISupportedInterfaceOrientations_iPhone = "UIInterfaceOrientationPortrait UIInterfaceOrientationLandscapeLeft UIInterfaceOrientationLandscapeRight";
				IPHONEOS_DEPLOYMENT_TARGET = 14.0;
				LD_RUNPATH_SEARCH_PATHS = (
					"$(inherited)",
					"@executable_path/Frameworks",
				);
				MARKETING_VERSION = 1.0;
				PRODUCT_BUNDLE_IDENTIFIER = com.mamuebal.budgetize;
				PRODUCT_NAME = "$(TARGET_NAME)";
				PROVISIONING_PROFILE_SPECIFIER = "";
				SWIFT_EMIT_LOC_STRINGS = YES;
				SWIFT_VERSION = 5.0;
				TARGETED_DEVICE_FAMILY = 1;
			};
			name = Debug;
		};
		BA64372E27B42B630078BA6A /* Release */ = {
			isa = XCBuildConfiguration;
			baseConfigurationReference = 78E79601C4C4FE0E9836270A /* Pods-budgetize.release.xcconfig */;
			buildSettings = {
				ASSETCATALOG_COMPILER_APPICON_NAME = AppIcon;
				ASSETCATALOG_COMPILER_GLOBAL_ACCENT_COLOR_NAME = AccentColor;
				CODE_SIGN_IDENTITY = "Apple Development";
				CODE_SIGN_STYLE = Automatic;
				CURRENT_PROJECT_VERSION = 1;
				DEVELOPMENT_ASSET_PATHS = "\"budgetize/Preview Content\"";
				DEVELOPMENT_TEAM = 5L3P894NU4;
				ENABLE_PREVIEWS = YES;
				GENERATE_INFOPLIST_FILE = YES;
				INFOPLIST_FILE = budgetize/Info.plist;
				INFOPLIST_KEY_UIApplicationSceneManifest_Generation = YES;
				INFOPLIST_KEY_UIApplicationSupportsIndirectInputEvents = YES;
				INFOPLIST_KEY_UILaunchScreen_Generation = YES;
				INFOPLIST_KEY_UISupportedInterfaceOrientations_iPad = "UIInterfaceOrientationPortrait UIInterfaceOrientationPortraitUpsideDown UIInterfaceOrientationLandscapeLeft UIInterfaceOrientationLandscapeRight";
				INFOPLIST_KEY_UISupportedInterfaceOrientations_iPhone = "UIInterfaceOrientationPortrait UIInterfaceOrientationLandscapeLeft UIInterfaceOrientationLandscapeRight";
				IPHONEOS_DEPLOYMENT_TARGET = 14.0;
				LD_RUNPATH_SEARCH_PATHS = (
					"$(inherited)",
					"@executable_path/Frameworks",
				);
				MARKETING_VERSION = 1.0;
				PRODUCT_BUNDLE_IDENTIFIER = com.mamuebal.budgetize;
				PRODUCT_NAME = "$(TARGET_NAME)";
				PROVISIONING_PROFILE_SPECIFIER = "";
				SWIFT_EMIT_LOC_STRINGS = YES;
				SWIFT_VERSION = 5.0;
				TARGETED_DEVICE_FAMILY = 1;
			};
			name = Release;
		};
/* End XCBuildConfiguration section */

/* Begin XCConfigurationList section */
		BA64371927B42B610078BA6A /* Build configuration list for PBXProject "budgetize" */ = {
			isa = XCConfigurationList;
			buildConfigurations = (
				BA64372A27B42B630078BA6A /* Debug */,
				BA64372B27B42B630078BA6A /* Release */,
			);
			defaultConfigurationIsVisible = 0;
			defaultConfigurationName = Release;
		};
		BA64372C27B42B630078BA6A /* Build configuration list for PBXNativeTarget "budgetize" */ = {
			isa = XCConfigurationList;
			buildConfigurations = (
				BA64372D27B42B630078BA6A /* Debug */,
				BA64372E27B42B630078BA6A /* Release */,
			);
			defaultConfigurationIsVisible = 0;
			defaultConfigurationName = Release;
		};
/* End XCConfigurationList section */
	};
	rootObject = BA64371627B42B610078BA6A /* Project object */;
}
