// !$*UTF8*$!
{
	archiveVersion = 1;
	classes = {
	};
	objectVersion = 55;
	objects = {

/* Begin PBXBuildFile section */
		3CD5D1200B5CC6EFA810F2D9 /* Pods_budgetize.framework in Frameworks */ = {isa = PBXBuildFile; fileRef = 3ABBD62836E6C589AC113D75 /* Pods_budgetize.framework */; };
		80184563281D4DE2007AFAC9 /* AccountRowView.swift in Sources */ = {isa = PBXBuildFile; fileRef = 80184562281D4DE2007AFAC9 /* AccountRowView.swift */; };
		80184566281D6461007AFAC9 /* RecentTransactionsView.swift in Sources */ = {isa = PBXBuildFile; fileRef = 80184565281D6461007AFAC9 /* RecentTransactionsView.swift */; };
		80184569281D7BC9007AFAC9 /* Collections in Frameworks */ = {isa = PBXBuildFile; productRef = 80184568281D7BC9007AFAC9 /* Collections */; };
		804909C727B6C7C900034FB1 /* SplashScreen.swift in Sources */ = {isa = PBXBuildFile; fileRef = 804909C627B6C7C900034FB1 /* SplashScreen.swift */; };
		807FE83A281ADF9C008B2C03 /* TransactionEditView.swift in Sources */ = {isa = PBXBuildFile; fileRef = 807FE839281ADF9C008B2C03 /* TransactionEditView.swift */; };
		807FE83C281AE934008B2C03 /* Transaction.swift in Sources */ = {isa = PBXBuildFile; fileRef = 807FE83B281AE934008B2C03 /* Transaction.swift */; };
		808974F228183E5D00F3BDA7 /* AccountEditView.swift in Sources */ = {isa = PBXBuildFile; fileRef = 808974F128183E5D00F3BDA7 /* AccountEditView.swift */; };
		808974F42818401700F3BDA7 /* AccountViewModel.swift in Sources */ = {isa = PBXBuildFile; fileRef = 808974F32818401700F3BDA7 /* AccountViewModel.swift */; };
		808974F6281869AE00F3BDA7 /* AccountDetailsView.swift in Sources */ = {isa = PBXBuildFile; fileRef = 808974F5281869AE00F3BDA7 /* AccountDetailsView.swift */; };
		808974F82818794B00F3BDA7 /* SettingsView.swift in Sources */ = {isa = PBXBuildFile; fileRef = 808974F72818794B00F3BDA7 /* SettingsView.swift */; };
		80A404EC281B035A0032330B /* TransactionsViewModel.swift in Sources */ = {isa = PBXBuildFile; fileRef = 80A404EB281B035A0032330B /* TransactionsViewModel.swift */; };
		80A404EE281B08C90032330B /* TransactionViewModel.swift in Sources */ = {isa = PBXBuildFile; fileRef = 80A404ED281B08C90032330B /* TransactionViewModel.swift */; };
		80A404F0281B16470032330B /* TransactionRowView.swift in Sources */ = {isa = PBXBuildFile; fileRef = 80A404EF281B16470032330B /* TransactionRowView.swift */; };
		80B6C21627B972D900EAC5E0 /* OnboardingView.swift in Sources */ = {isa = PBXBuildFile; fileRef = 80B6C21527B972D900EAC5E0 /* OnboardingView.swift */; };
		80CA6E3D27B46D9E0015F1A2 /* WelcomeView.swift in Sources */ = {isa = PBXBuildFile; fileRef = 80CA6E3C27B46D9E0015F1A2 /* WelcomeView.swift */; };
		80CA6E4027B46FCE0015F1A2 /* AuthViewModel.swift in Sources */ = {isa = PBXBuildFile; fileRef = 80CA6E3F27B46FCE0015F1A2 /* AuthViewModel.swift */; };
		80CA6E4227B476710015F1A2 /* GoogleSignInButton.swift in Sources */ = {isa = PBXBuildFile; fileRef = 80CA6E4127B476710015F1A2 /* GoogleSignInButton.swift */; };
		80CA6E4827B47CD60015F1A2 /* InitView.swift in Sources */ = {isa = PBXBuildFile; fileRef = 80CA6E4727B47CD60015F1A2 /* InitView.swift */; };
		80CBFB34281AFC15000B949E /* BrandButton.swift in Sources */ = {isa = PBXBuildFile; fileRef = 80CBFB33281AFC15000B949E /* BrandButton.swift */; };
		BA1B5F232815CABD008A574A /* AppleAuth.swift in Sources */ = {isa = PBXBuildFile; fileRef = BA1B5F222815CABD008A574A /* AppleAuth.swift */; };
		BA4EF51327B986D500815A55 /* MainView.swift in Sources */ = {isa = PBXBuildFile; fileRef = BA4EF51227B986D500815A55 /* MainView.swift */; };
		BA4EF51527B98A4400815A55 /* CurrencyForm.swift in Sources */ = {isa = PBXBuildFile; fileRef = BA4EF51427B98A4400815A55 /* CurrencyForm.swift */; };
		BA4EF51727B98AF100815A55 /* AccountForm.swift in Sources */ = {isa = PBXBuildFile; fileRef = BA4EF51627B98AF100815A55 /* AccountForm.swift */; };
		BA4EF51927B98ED800815A55 /* UserInfo.swift in Sources */ = {isa = PBXBuildFile; fileRef = BA4EF51827B98ED800815A55 /* UserInfo.swift */; };
		BA4EF51B27B98EE800815A55 /* Account.swift in Sources */ = {isa = PBXBuildFile; fileRef = BA4EF51A27B98EE800815A55 /* Account.swift */; };
		BA4EF51E27B9958E00815A55 /* UserRepository.swift in Sources */ = {isa = PBXBuildFile; fileRef = BA4EF51D27B9958E00815A55 /* UserRepository.swift */; };
		BA5EDBF528183048003365DD /* HomeView.swift in Sources */ = {isa = PBXBuildFile; fileRef = BA5EDBF128183047003365DD /* HomeView.swift */; };
		BA5EDBF628183048003365DD /* OverView.swift in Sources */ = {isa = PBXBuildFile; fileRef = BA5EDBF228183048003365DD /* OverView.swift */; };
		BA5EDBF728183048003365DD /* TransactionsView.swift in Sources */ = {isa = PBXBuildFile; fileRef = BA5EDBF328183048003365DD /* TransactionsView.swift */; };
		BA5EDBF828183048003365DD /* AccountsView.swift in Sources */ = {isa = PBXBuildFile; fileRef = BA5EDBF428183048003365DD /* AccountsView.swift */; };
		BA5EDBFC281830A7003365DD /* AccountsViewModel.swift in Sources */ = {isa = PBXBuildFile; fileRef = BA5EDBFB281830A7003365DD /* AccountsViewModel.swift */; };
		BA64372227B42B610078BA6A /* budgetizeApp.swift in Sources */ = {isa = PBXBuildFile; fileRef = BA64372127B42B610078BA6A /* budgetizeApp.swift */; };
		BA64372627B42B630078BA6A /* Assets.xcassets in Resources */ = {isa = PBXBuildFile; fileRef = BA64372527B42B630078BA6A /* Assets.xcassets */; };
		BA64372927B42B630078BA6A /* Preview Assets.xcassets in Resources */ = {isa = PBXBuildFile; fileRef = BA64372827B42B630078BA6A /* Preview Assets.xcassets */; };
		BA64373027B441C10078BA6A /* .gitignore in Resources */ = {isa = PBXBuildFile; fileRef = BA64372F27B441C10078BA6A /* .gitignore */; };
		BA79BF8727BC2B9B00C06A80 /* GoogleService-Info.plist in Resources */ = {isa = PBXBuildFile; fileRef = BA79BF8627BC2B9B00C06A80 /* GoogleService-Info.plist */; };
		BA79BF8E27BC397F00C06A80 /* GIDConfigurationExtensions.swift in Sources */ = {isa = PBXBuildFile; fileRef = BA79BF8D27BC397F00C06A80 /* GIDConfigurationExtensions.swift */; };
		BA79BF9027BC3BE700C06A80 /* OAuthService.swift in Sources */ = {isa = PBXBuildFile; fileRef = BA79BF8F27BC3BE700C06A80 /* OAuthService.swift */; };
/* End PBXBuildFile section */

/* Begin PBXFileReference section */
		1098F9AE17D36723C489CF4E /* Pods-budgetize.release.xcconfig */ = {isa = PBXFileReference; includeInIndex = 1; lastKnownFileType = text.xcconfig; name = "Pods-budgetize.release.xcconfig"; path = "Target Support Files/Pods-budgetize/Pods-budgetize.release.xcconfig"; sourceTree = "<group>"; };
		3ABBD62836E6C589AC113D75 /* Pods_budgetize.framework */ = {isa = PBXFileReference; explicitFileType = wrapper.framework; includeInIndex = 0; path = Pods_budgetize.framework; sourceTree = BUILT_PRODUCTS_DIR; };
		80184562281D4DE2007AFAC9 /* AccountRowView.swift */ = {isa = PBXFileReference; lastKnownFileType = sourcecode.swift; path = AccountRowView.swift; sourceTree = "<group>"; };
		80184565281D6461007AFAC9 /* RecentTransactionsView.swift */ = {isa = PBXFileReference; lastKnownFileType = sourcecode.swift; path = RecentTransactionsView.swift; sourceTree = "<group>"; };
		804909C627B6C7C900034FB1 /* SplashScreen.swift */ = {isa = PBXFileReference; lastKnownFileType = sourcecode.swift; path = SplashScreen.swift; sourceTree = "<group>"; };
		807FE839281ADF9C008B2C03 /* TransactionEditView.swift */ = {isa = PBXFileReference; lastKnownFileType = sourcecode.swift; path = TransactionEditView.swift; sourceTree = "<group>"; };
		807FE83B281AE934008B2C03 /* Transaction.swift */ = {isa = PBXFileReference; lastKnownFileType = sourcecode.swift; path = Transaction.swift; sourceTree = "<group>"; };
		808974F128183E5D00F3BDA7 /* AccountEditView.swift */ = {isa = PBXFileReference; lastKnownFileType = sourcecode.swift; path = AccountEditView.swift; sourceTree = "<group>"; };
		808974F32818401700F3BDA7 /* AccountViewModel.swift */ = {isa = PBXFileReference; lastKnownFileType = sourcecode.swift; path = AccountViewModel.swift; sourceTree = "<group>"; };
		808974F5281869AE00F3BDA7 /* AccountDetailsView.swift */ = {isa = PBXFileReference; lastKnownFileType = sourcecode.swift; path = AccountDetailsView.swift; sourceTree = "<group>"; };
		808974F72818794B00F3BDA7 /* SettingsView.swift */ = {isa = PBXFileReference; lastKnownFileType = sourcecode.swift; path = SettingsView.swift; sourceTree = "<group>"; };
		80A404EB281B035A0032330B /* TransactionsViewModel.swift */ = {isa = PBXFileReference; lastKnownFileType = sourcecode.swift; path = TransactionsViewModel.swift; sourceTree = "<group>"; };
		80A404ED281B08C90032330B /* TransactionViewModel.swift */ = {isa = PBXFileReference; lastKnownFileType = sourcecode.swift; path = TransactionViewModel.swift; sourceTree = "<group>"; };
		80A404EF281B16470032330B /* TransactionRowView.swift */ = {isa = PBXFileReference; lastKnownFileType = sourcecode.swift; path = TransactionRowView.swift; sourceTree = "<group>"; };
		80B6C21527B972D900EAC5E0 /* OnboardingView.swift */ = {isa = PBXFileReference; lastKnownFileType = sourcecode.swift; path = OnboardingView.swift; sourceTree = "<group>"; };
		80CA6E3C27B46D9E0015F1A2 /* WelcomeView.swift */ = {isa = PBXFileReference; lastKnownFileType = sourcecode.swift; path = WelcomeView.swift; sourceTree = "<group>"; };
		80CA6E3E27B46F480015F1A2 /* Info.plist */ = {isa = PBXFileReference; lastKnownFileType = text.plist; path = Info.plist; sourceTree = "<group>"; };
		80CA6E3F27B46FCE0015F1A2 /* AuthViewModel.swift */ = {isa = PBXFileReference; lastKnownFileType = sourcecode.swift; path = AuthViewModel.swift; sourceTree = "<group>"; };
		80CA6E4127B476710015F1A2 /* GoogleSignInButton.swift */ = {isa = PBXFileReference; lastKnownFileType = sourcecode.swift; path = GoogleSignInButton.swift; sourceTree = "<group>"; };
		80CA6E4727B47CD60015F1A2 /* InitView.swift */ = {isa = PBXFileReference; lastKnownFileType = sourcecode.swift; path = InitView.swift; sourceTree = "<group>"; };
		80CBFB33281AFC15000B949E /* BrandButton.swift */ = {isa = PBXFileReference; lastKnownFileType = sourcecode.swift; path = BrandButton.swift; sourceTree = "<group>"; };
		BA1B5F212815CA42008A574A /* budgetize.entitlements */ = {isa = PBXFileReference; lastKnownFileType = text.plist.entitlements; path = budgetize.entitlements; sourceTree = "<group>"; };
		BA1B5F222815CABD008A574A /* AppleAuth.swift */ = {isa = PBXFileReference; lastKnownFileType = sourcecode.swift; path = AppleAuth.swift; sourceTree = "<group>"; };
		BA4EF51227B986D500815A55 /* MainView.swift */ = {isa = PBXFileReference; lastKnownFileType = sourcecode.swift; path = MainView.swift; sourceTree = "<group>"; };
		BA4EF51427B98A4400815A55 /* CurrencyForm.swift */ = {isa = PBXFileReference; lastKnownFileType = sourcecode.swift; path = CurrencyForm.swift; sourceTree = "<group>"; };
		BA4EF51627B98AF100815A55 /* AccountForm.swift */ = {isa = PBXFileReference; lastKnownFileType = sourcecode.swift; path = AccountForm.swift; sourceTree = "<group>"; };
		BA4EF51827B98ED800815A55 /* UserInfo.swift */ = {isa = PBXFileReference; lastKnownFileType = sourcecode.swift; name = UserInfo.swift; path = budgetize/Views/UserInfo.swift; sourceTree = SOURCE_ROOT; };
		BA4EF51A27B98EE800815A55 /* Account.swift */ = {isa = PBXFileReference; lastKnownFileType = sourcecode.swift; name = Account.swift; path = budgetize/Views/Account.swift; sourceTree = SOURCE_ROOT; };
		BA4EF51D27B9958E00815A55 /* UserRepository.swift */ = {isa = PBXFileReference; lastKnownFileType = sourcecode.swift; path = UserRepository.swift; sourceTree = "<group>"; };
		BA5EDBF128183047003365DD /* HomeView.swift */ = {isa = PBXFileReference; fileEncoding = 4; lastKnownFileType = sourcecode.swift; path = HomeView.swift; sourceTree = "<group>"; };
		BA5EDBF228183048003365DD /* OverView.swift */ = {isa = PBXFileReference; fileEncoding = 4; lastKnownFileType = sourcecode.swift; path = OverView.swift; sourceTree = "<group>"; };
		BA5EDBF328183048003365DD /* TransactionsView.swift */ = {isa = PBXFileReference; fileEncoding = 4; lastKnownFileType = sourcecode.swift; path = TransactionsView.swift; sourceTree = "<group>"; };
		BA5EDBF428183048003365DD /* AccountsView.swift */ = {isa = PBXFileReference; fileEncoding = 4; lastKnownFileType = sourcecode.swift; path = AccountsView.swift; sourceTree = "<group>"; };
		BA5EDBFB281830A7003365DD /* AccountsViewModel.swift */ = {isa = PBXFileReference; fileEncoding = 4; lastKnownFileType = sourcecode.swift; path = AccountsViewModel.swift; sourceTree = "<group>"; };
		BA64371E27B42B610078BA6A /* budgetize.app */ = {isa = PBXFileReference; explicitFileType = wrapper.application; includeInIndex = 0; path = budgetize.app; sourceTree = BUILT_PRODUCTS_DIR; };
		BA64372127B42B610078BA6A /* budgetizeApp.swift */ = {isa = PBXFileReference; lastKnownFileType = sourcecode.swift; path = budgetizeApp.swift; sourceTree = "<group>"; };
		BA64372527B42B630078BA6A /* Assets.xcassets */ = {isa = PBXFileReference; lastKnownFileType = folder.assetcatalog; path = Assets.xcassets; sourceTree = "<group>"; };
		BA64372827B42B630078BA6A /* Preview Assets.xcassets */ = {isa = PBXFileReference; lastKnownFileType = folder.assetcatalog; path = "Preview Assets.xcassets"; sourceTree = "<group>"; };
		BA64372F27B441C10078BA6A /* .gitignore */ = {isa = PBXFileReference; fileEncoding = 4; lastKnownFileType = text; path = .gitignore; sourceTree = "<group>"; };
		BA79BF8627BC2B9B00C06A80 /* GoogleService-Info.plist */ = {isa = PBXFileReference; fileEncoding = 4; lastKnownFileType = text.plist.xml; path = "GoogleService-Info.plist"; sourceTree = "<group>"; };
		BA79BF8D27BC397F00C06A80 /* GIDConfigurationExtensions.swift */ = {isa = PBXFileReference; lastKnownFileType = sourcecode.swift; path = GIDConfigurationExtensions.swift; sourceTree = "<group>"; };
		BA79BF8F27BC3BE700C06A80 /* OAuthService.swift */ = {isa = PBXFileReference; lastKnownFileType = sourcecode.swift; path = OAuthService.swift; sourceTree = "<group>"; };
		C5A5B0BD832E4E6358AB5EEB /* Pods-budgetize.debug.xcconfig */ = {isa = PBXFileReference; includeInIndex = 1; lastKnownFileType = text.xcconfig; name = "Pods-budgetize.debug.xcconfig"; path = "Target Support Files/Pods-budgetize/Pods-budgetize.debug.xcconfig"; sourceTree = "<group>"; };
/* End PBXFileReference section */

/* Begin PBXFrameworksBuildPhase section */
		BA64371B27B42B610078BA6A /* Frameworks */ = {
			isa = PBXFrameworksBuildPhase;
			buildActionMask = 2147483647;
			files = (
				80184569281D7BC9007AFAC9 /* Collections in Frameworks */,
				3CD5D1200B5CC6EFA810F2D9 /* Pods_budgetize.framework in Frameworks */,
			);
			runOnlyForDeploymentPostprocessing = 0;
		};
/* End PBXFrameworksBuildPhase section */

/* Begin PBXGroup section */
		80184564281D6443007AFAC9 /* Overview */ = {
			isa = PBXGroup;
			children = (
				BA5EDBF228183048003365DD /* OverView.swift */,
				80184565281D6461007AFAC9 /* RecentTransactionsView.swift */,
			);
			path = Overview;
			sourceTree = "<group>";
		};
		80703ADA27B433750046BBBA /* Models */ = {
			isa = PBXGroup;
			children = (
				BA4EF51827B98ED800815A55 /* UserInfo.swift */,
				BA4EF51A27B98EE800815A55 /* Account.swift */,
				807FE83B281AE934008B2C03 /* Transaction.swift */,
			);
			path = Models;
			sourceTree = "<group>";
		};
		80703ADC27B4338B0046BBBA /* Views */ = {
			isa = PBXGroup;
			children = (
				BA5EDBF028183047003365DD /* MenuViews */,
				80CA6E3C27B46D9E0015F1A2 /* WelcomeView.swift */,
				80CA6E4127B476710015F1A2 /* GoogleSignInButton.swift */,
				80CA6E4727B47CD60015F1A2 /* InitView.swift */,
				804909C627B6C7C900034FB1 /* SplashScreen.swift */,
				80B6C21527B972D900EAC5E0 /* OnboardingView.swift */,
				BA4EF51227B986D500815A55 /* MainView.swift */,
				BA4EF51427B98A4400815A55 /* CurrencyForm.swift */,
				BA4EF51627B98AF100815A55 /* AccountForm.swift */,
				80CBFB33281AFC15000B949E /* BrandButton.swift */,
			);
			path = Views;
			sourceTree = "<group>";
		};
		80703ADD27B4339A0046BBBA /* ViewModels */ = {
			isa = PBXGroup;
			children = (
				BA5EDBFB281830A7003365DD /* AccountsViewModel.swift */,
				80CA6E3F27B46FCE0015F1A2 /* AuthViewModel.swift */,
				808974F32818401700F3BDA7 /* AccountViewModel.swift */,
				80A404EB281B035A0032330B /* TransactionsViewModel.swift */,
				80A404ED281B08C90032330B /* TransactionViewModel.swift */,
			);
			path = ViewModels;
			sourceTree = "<group>";
		};
		807FE838281ADF79008B2C03 /* Transactions */ = {
			isa = PBXGroup;
			children = (
				80A404EF281B16470032330B /* TransactionRowView.swift */,
				BA5EDBF328183048003365DD /* TransactionsView.swift */,
				807FE839281ADF9C008B2C03 /* TransactionEditView.swift */,
			);
			path = Transactions;
			sourceTree = "<group>";
		};
		808974F028183E4200F3BDA7 /* Accounts */ = {
			isa = PBXGroup;
			children = (
				BA5EDBF428183048003365DD /* AccountsView.swift */,
				808974F128183E5D00F3BDA7 /* AccountEditView.swift */,
				808974F5281869AE00F3BDA7 /* AccountDetailsView.swift */,
				80184562281D4DE2007AFAC9 /* AccountRowView.swift */,
			);
			path = Accounts;
			sourceTree = "<group>";
		};
		8BCAE7754A946190CE1F12DB /* Frameworks */ = {
			isa = PBXGroup;
			children = (
				3ABBD62836E6C589AC113D75 /* Pods_budgetize.framework */,
			);
			name = Frameworks;
			sourceTree = "<group>";
		};
		BA4EF51C27B9955800815A55 /* Repositories */ = {
			isa = PBXGroup;
			children = (
				BA4EF51D27B9958E00815A55 /* UserRepository.swift */,
			);
			path = Repositories;
			sourceTree = "<group>";
		};
		BA5EDBF028183047003365DD /* MenuViews */ = {
			isa = PBXGroup;
			children = (
				80184564281D6443007AFAC9 /* Overview */,
				807FE838281ADF79008B2C03 /* Transactions */,
				808974F028183E4200F3BDA7 /* Accounts */,
				BA5EDBF128183047003365DD /* HomeView.swift */,
				808974F72818794B00F3BDA7 /* SettingsView.swift */,
			);
			path = MenuViews;
			sourceTree = "<group>";
		};
		BA64371527B42B610078BA6A = {
			isa = PBXGroup;
			children = (
				BA64372F27B441C10078BA6A /* .gitignore */,
				BA64372027B42B610078BA6A /* budgetize */,
				BA64371F27B42B610078BA6A /* Products */,
				FB337C2B942D19A135C31376 /* Pods */,
				8BCAE7754A946190CE1F12DB /* Frameworks */,
			);
			sourceTree = "<group>";
		};
		BA64371F27B42B610078BA6A /* Products */ = {
			isa = PBXGroup;
			children = (
				BA64371E27B42B610078BA6A /* budgetize.app */,
			);
			name = Products;
			sourceTree = "<group>";
		};
		BA64372027B42B610078BA6A /* budgetize */ = {
			isa = PBXGroup;
			children = (
				BA1B5F212815CA42008A574A /* budgetize.entitlements */,
				BA79BF8A27BC35D200C06A80 /* Services */,
				80CA6E3E27B46F480015F1A2 /* Info.plist */,
				BA79BF8627BC2B9B00C06A80 /* GoogleService-Info.plist */,
				BA4EF51C27B9955800815A55 /* Repositories */,
				80703ADD27B4339A0046BBBA /* ViewModels */,
				80703ADC27B4338B0046BBBA /* Views */,
				80703ADA27B433750046BBBA /* Models */,
				BA64372127B42B610078BA6A /* budgetizeApp.swift */,
				BA64372527B42B630078BA6A /* Assets.xcassets */,
				BA64372727B42B630078BA6A /* Preview Content */,
			);
			path = budgetize;
			sourceTree = "<group>";
		};
		BA64372727B42B630078BA6A /* Preview Content */ = {
			isa = PBXGroup;
			children = (
				BA64372827B42B630078BA6A /* Preview Assets.xcassets */,
			);
			path = "Preview Content";
			sourceTree = "<group>";
		};
		BA79BF8A27BC35D200C06A80 /* Services */ = {
			isa = PBXGroup;
			children = (
				BA79BF8D27BC397F00C06A80 /* GIDConfigurationExtensions.swift */,
				BA79BF8F27BC3BE700C06A80 /* OAuthService.swift */,
				BA1B5F222815CABD008A574A /* AppleAuth.swift */,
			);
			name = Services;
			sourceTree = "<group>";
		};
		FB337C2B942D19A135C31376 /* Pods */ = {
			isa = PBXGroup;
			children = (
				C5A5B0BD832E4E6358AB5EEB /* Pods-budgetize.debug.xcconfig */,
				1098F9AE17D36723C489CF4E /* Pods-budgetize.release.xcconfig */,
			);
			path = Pods;
			sourceTree = "<group>";
		};
/* End PBXGroup section */

/* Begin PBXNativeTarget section */
		BA64371D27B42B610078BA6A /* budgetize */ = {
			isa = PBXNativeTarget;
			buildConfigurationList = BA64372C27B42B630078BA6A /* Build configuration list for PBXNativeTarget "budgetize" */;
			buildPhases = (
				BFC6F4A181063372199D5D61 /* [CP] Check Pods Manifest.lock */,
				BA64371A27B42B610078BA6A /* Sources */,
				BA64371B27B42B610078BA6A /* Frameworks */,
				BA64371C27B42B610078BA6A /* Resources */,
				B4E128A4F73E5FB952CA13C3 /* [CP] Embed Pods Frameworks */,
			);
			buildRules = (
			);
			dependencies = (
			);
			name = budgetize;
			packageProductDependencies = (
				80184568281D7BC9007AFAC9 /* Collections */,
			);
			productName = budgetize;
			productReference = BA64371E27B42B610078BA6A /* budgetize.app */;
			productType = "com.apple.product-type.application";
		};
/* End PBXNativeTarget section */

/* Begin PBXProject section */
		BA64371627B42B610078BA6A /* Project object */ = {
			isa = PBXProject;
			attributes = {
				BuildIndependentTargetsInParallel = 1;
				LastSwiftUpdateCheck = 1320;
				LastUpgradeCheck = 1320;
				TargetAttributes = {
					BA64371D27B42B610078BA6A = {
						CreatedOnToolsVersion = 13.2;
					};
				};
			};
			buildConfigurationList = BA64371927B42B610078BA6A /* Build configuration list for PBXProject "budgetize" */;
			compatibilityVersion = "Xcode 13.0";
			developmentRegion = en;
			hasScannedForEncodings = 0;
			knownRegions = (
				en,
				Base,
			);
			mainGroup = BA64371527B42B610078BA6A;
			packageReferences = (
				80184567281D7BC9007AFAC9 /* XCRemoteSwiftPackageReference "swift-collections.git" */,
			);
			productRefGroup = BA64371F27B42B610078BA6A /* Products */;
			projectDirPath = "";
			projectRoot = "";
			targets = (
				BA64371D27B42B610078BA6A /* budgetize */,
			);
		};
/* End PBXProject section */

/* Begin PBXResourcesBuildPhase section */
		BA64371C27B42B610078BA6A /* Resources */ = {
			isa = PBXResourcesBuildPhase;
			buildActionMask = 2147483647;
			files = (
				BA64373027B441C10078BA6A /* .gitignore in Resources */,
				BA64372927B42B630078BA6A /* Preview Assets.xcassets in Resources */,
				BA79BF8727BC2B9B00C06A80 /* GoogleService-Info.plist in Resources */,
				BA64372627B42B630078BA6A /* Assets.xcassets in Resources */,
			);
			runOnlyForDeploymentPostprocessing = 0;
		};
/* End PBXResourcesBuildPhase section */

/* Begin PBXShellScriptBuildPhase section */
		B4E128A4F73E5FB952CA13C3 /* [CP] Embed Pods Frameworks */ = {
			isa = PBXShellScriptBuildPhase;
			buildActionMask = 2147483647;
			files = (
			);
			inputFileListPaths = (
				"${PODS_ROOT}/Target Support Files/Pods-budgetize/Pods-budgetize-frameworks-${CONFIGURATION}-input-files.xcfilelist",
			);
			name = "[CP] Embed Pods Frameworks";
			outputFileListPaths = (
				"${PODS_ROOT}/Target Support Files/Pods-budgetize/Pods-budgetize-frameworks-${CONFIGURATION}-output-files.xcfilelist",
			);
			runOnlyForDeploymentPostprocessing = 0;
			shellPath = /bin/sh;
			shellScript = "\"${PODS_ROOT}/Target Support Files/Pods-budgetize/Pods-budgetize-frameworks.sh\"\n";
			showEnvVarsInLog = 0;
		};
		BFC6F4A181063372199D5D61 /* [CP] Check Pods Manifest.lock */ = {
			isa = PBXShellScriptBuildPhase;
			buildActionMask = 2147483647;
			files = (
			);
			inputFileListPaths = (
			);
			inputPaths = (
				"${PODS_PODFILE_DIR_PATH}/Podfile.lock",
				"${PODS_ROOT}/Manifest.lock",
			);
			name = "[CP] Check Pods Manifest.lock";
			outputFileListPaths = (
			);
			outputPaths = (
				"$(DERIVED_FILE_DIR)/Pods-budgetize-checkManifestLockResult.txt",
			);
			runOnlyForDeploymentPostprocessing = 0;
			shellPath = /bin/sh;
			shellScript = "diff \"${PODS_PODFILE_DIR_PATH}/Podfile.lock\" \"${PODS_ROOT}/Manifest.lock\" > /dev/null\nif [ $? != 0 ] ; then\n    # print error to STDERR\n    echo \"error: The sandbox is not in sync with the Podfile.lock. Run 'pod install' or update your CocoaPods installation.\" >&2\n    exit 1\nfi\n# This output is used by Xcode 'outputs' to avoid re-running this script phase.\necho \"SUCCESS\" > \"${SCRIPT_OUTPUT_FILE_0}\"\n";
			showEnvVarsInLog = 0;
		};
/* End PBXShellScriptBuildPhase section */

/* Begin PBXSourcesBuildPhase section */
		BA64371A27B42B610078BA6A /* Sources */ = {
			isa = PBXSourcesBuildPhase;
			buildActionMask = 2147483647;
			files = (
				BA5EDBF828183048003365DD /* AccountsView.swift in Sources */,
				807FE83A281ADF9C008B2C03 /* TransactionEditView.swift in Sources */,
				BA4EF51E27B9958E00815A55 /* UserRepository.swift in Sources */,
				80184566281D6461007AFAC9 /* RecentTransactionsView.swift in Sources */,
				80CBFB34281AFC15000B949E /* BrandButton.swift in Sources */,
				80CA6E4227B476710015F1A2 /* GoogleSignInButton.swift in Sources */,
				BA4EF51327B986D500815A55 /* MainView.swift in Sources */,
				80A404EC281B035A0032330B /* TransactionsViewModel.swift in Sources */,
				BA79BF8E27BC397F00C06A80 /* GIDConfigurationExtensions.swift in Sources */,
				80CA6E4027B46FCE0015F1A2 /* AuthViewModel.swift in Sources */,
				BA5EDBF528183048003365DD /* HomeView.swift in Sources */,
				BA4EF51527B98A4400815A55 /* CurrencyForm.swift in Sources */,
				804909C727B6C7C900034FB1 /* SplashScreen.swift in Sources */,
				BA4EF51B27B98EE800815A55 /* Account.swift in Sources */,
				BA4EF51727B98AF100815A55 /* AccountForm.swift in Sources */,
				808974F42818401700F3BDA7 /* AccountViewModel.swift in Sources */,
				BA5EDBF628183048003365DD /* OverView.swift in Sources */,
				BA5EDBF728183048003365DD /* TransactionsView.swift in Sources */,
				80CA6E4827B47CD60015F1A2 /* InitView.swift in Sources */,
				808974F82818794B00F3BDA7 /* SettingsView.swift in Sources */,
				807FE83C281AE934008B2C03 /* Transaction.swift in Sources */,
				80184563281D4DE2007AFAC9 /* AccountRowView.swift in Sources */,
				BA64372227B42B610078BA6A /* budgetizeApp.swift in Sources */,
				80CA6E3D27B46D9E0015F1A2 /* WelcomeView.swift in Sources */,
				808974F6281869AE00F3BDA7 /* AccountDetailsView.swift in Sources */,
				808974F228183E5D00F3BDA7 /* AccountEditView.swift in Sources */,
				BA5EDBFC281830A7003365DD /* AccountsViewModel.swift in Sources */,
				BA4EF51927B98ED800815A55 /* UserInfo.swift in Sources */,
				80B6C21627B972D900EAC5E0 /* OnboardingView.swift in Sources */,
				BA1B5F232815CABD008A574A /* AppleAuth.swift in Sources */,
				BA79BF9027BC3BE700C06A80 /* OAuthService.swift in Sources */,
				80A404F0281B16470032330B /* TransactionRowView.swift in Sources */,
				80A404EE281B08C90032330B /* TransactionViewModel.swift in Sources */,
			);
			runOnlyForDeploymentPostprocessing = 0;
		};
/* End PBXSourcesBuildPhase section */

/* Begin XCBuildConfiguration section */
		BA64372A27B42B630078BA6A /* Debug */ = {
			isa = XCBuildConfiguration;
			buildSettings = {
				ALWAYS_SEARCH_USER_PATHS = NO;
				CLANG_ANALYZER_NONNULL = YES;
				CLANG_ANALYZER_NUMBER_OBJECT_CONVERSION = YES_AGGRESSIVE;
				CLANG_CXX_LANGUAGE_STANDARD = "gnu++17";
				CLANG_CXX_LIBRARY = "libc++";
				CLANG_ENABLE_MODULES = YES;
				CLANG_ENABLE_OBJC_ARC = YES;
				CLANG_ENABLE_OBJC_WEAK = YES;
				CLANG_WARN_BLOCK_CAPTURE_AUTORELEASING = YES;
				CLANG_WARN_BOOL_CONVERSION = YES;
				CLANG_WARN_COMMA = YES;
				CLANG_WARN_CONSTANT_CONVERSION = YES;
				CLANG_WARN_DEPRECATED_OBJC_IMPLEMENTATIONS = YES;
				CLANG_WARN_DIRECT_OBJC_ISA_USAGE = YES_ERROR;
				CLANG_WARN_DOCUMENTATION_COMMENTS = YES;
				CLANG_WARN_EMPTY_BODY = YES;
				CLANG_WARN_ENUM_CONVERSION = YES;
				CLANG_WARN_INFINITE_RECURSION = YES;
				CLANG_WARN_INT_CONVERSION = YES;
				CLANG_WARN_NON_LITERAL_NULL_CONVERSION = YES;
				CLANG_WARN_OBJC_IMPLICIT_RETAIN_SELF = YES;
				CLANG_WARN_OBJC_LITERAL_CONVERSION = YES;
				CLANG_WARN_OBJC_ROOT_CLASS = YES_ERROR;
				CLANG_WARN_QUOTED_INCLUDE_IN_FRAMEWORK_HEADER = YES;
				CLANG_WARN_RANGE_LOOP_ANALYSIS = YES;
				CLANG_WARN_STRICT_PROTOTYPES = YES;
				CLANG_WARN_SUSPICIOUS_MOVE = YES;
				CLANG_WARN_UNGUARDED_AVAILABILITY = YES_AGGRESSIVE;
				CLANG_WARN_UNREACHABLE_CODE = YES;
				CLANG_WARN__DUPLICATE_METHOD_MATCH = YES;
				COPY_PHASE_STRIP = NO;
				DEBUG_INFORMATION_FORMAT = dwarf;
				ENABLE_STRICT_OBJC_MSGSEND = YES;
				ENABLE_TESTABILITY = YES;
				GCC_C_LANGUAGE_STANDARD = gnu11;
				GCC_DYNAMIC_NO_PIC = NO;
				GCC_NO_COMMON_BLOCKS = YES;
				GCC_OPTIMIZATION_LEVEL = 0;
				GCC_PREPROCESSOR_DEFINITIONS = (
					"DEBUG=1",
					"$(inherited)",
				);
				GCC_WARN_64_TO_32_BIT_CONVERSION = YES;
				GCC_WARN_ABOUT_RETURN_TYPE = YES_ERROR;
				GCC_WARN_UNDECLARED_SELECTOR = YES;
				GCC_WARN_UNINITIALIZED_AUTOS = YES_AGGRESSIVE;
				GCC_WARN_UNUSED_FUNCTION = YES;
				GCC_WARN_UNUSED_VARIABLE = YES;
				IPHONEOS_DEPLOYMENT_TARGET = 15.0;
				MTL_ENABLE_DEBUG_INFO = INCLUDE_SOURCE;
				MTL_FAST_MATH = YES;
				ONLY_ACTIVE_ARCH = YES;
				SDKROOT = iphoneos;
				SWIFT_ACTIVE_COMPILATION_CONDITIONS = DEBUG;
				SWIFT_OPTIMIZATION_LEVEL = "-Onone";
			};
			name = Debug;
		};
		BA64372B27B42B630078BA6A /* Release */ = {
			isa = XCBuildConfiguration;
			buildSettings = {
				ALWAYS_SEARCH_USER_PATHS = NO;
				CLANG_ANALYZER_NONNULL = YES;
				CLANG_ANALYZER_NUMBER_OBJECT_CONVERSION = YES_AGGRESSIVE;
				CLANG_CXX_LANGUAGE_STANDARD = "gnu++17";
				CLANG_CXX_LIBRARY = "libc++";
				CLANG_ENABLE_MODULES = YES;
				CLANG_ENABLE_OBJC_ARC = YES;
				CLANG_ENABLE_OBJC_WEAK = YES;
				CLANG_WARN_BLOCK_CAPTURE_AUTORELEASING = YES;
				CLANG_WARN_BOOL_CONVERSION = YES;
				CLANG_WARN_COMMA = YES;
				CLANG_WARN_CONSTANT_CONVERSION = YES;
				CLANG_WARN_DEPRECATED_OBJC_IMPLEMENTATIONS = YES;
				CLANG_WARN_DIRECT_OBJC_ISA_USAGE = YES_ERROR;
				CLANG_WARN_DOCUMENTATION_COMMENTS = YES;
				CLANG_WARN_EMPTY_BODY = YES;
				CLANG_WARN_ENUM_CONVERSION = YES;
				CLANG_WARN_INFINITE_RECURSION = YES;
				CLANG_WARN_INT_CONVERSION = YES;
				CLANG_WARN_NON_LITERAL_NULL_CONVERSION = YES;
				CLANG_WARN_OBJC_IMPLICIT_RETAIN_SELF = YES;
				CLANG_WARN_OBJC_LITERAL_CONVERSION = YES;
				CLANG_WARN_OBJC_ROOT_CLASS = YES_ERROR;
				CLANG_WARN_QUOTED_INCLUDE_IN_FRAMEWORK_HEADER = YES;
				CLANG_WARN_RANGE_LOOP_ANALYSIS = YES;
				CLANG_WARN_STRICT_PROTOTYPES = YES;
				CLANG_WARN_SUSPICIOUS_MOVE = YES;
				CLANG_WARN_UNGUARDED_AVAILABILITY = YES_AGGRESSIVE;
				CLANG_WARN_UNREACHABLE_CODE = YES;
				CLANG_WARN__DUPLICATE_METHOD_MATCH = YES;
				COPY_PHASE_STRIP = NO;
				DEBUG_INFORMATION_FORMAT = "dwarf-with-dsym";
				ENABLE_NS_ASSERTIONS = NO;
				ENABLE_STRICT_OBJC_MSGSEND = YES;
				GCC_C_LANGUAGE_STANDARD = gnu11;
				GCC_NO_COMMON_BLOCKS = YES;
				GCC_WARN_64_TO_32_BIT_CONVERSION = YES;
				GCC_WARN_ABOUT_RETURN_TYPE = YES_ERROR;
				GCC_WARN_UNDECLARED_SELECTOR = YES;
				GCC_WARN_UNINITIALIZED_AUTOS = YES_AGGRESSIVE;
				GCC_WARN_UNUSED_FUNCTION = YES;
				GCC_WARN_UNUSED_VARIABLE = YES;
				IPHONEOS_DEPLOYMENT_TARGET = 15.0;
				MTL_ENABLE_DEBUG_INFO = NO;
				MTL_FAST_MATH = YES;
				SDKROOT = iphoneos;
				SWIFT_COMPILATION_MODE = wholemodule;
				SWIFT_OPTIMIZATION_LEVEL = "-O";
				VALIDATE_PRODUCT = YES;
			};
			name = Release;
		};
		BA64372D27B42B630078BA6A /* Debug */ = {
			isa = XCBuildConfiguration;
			baseConfigurationReference = C5A5B0BD832E4E6358AB5EEB /* Pods-budgetize.debug.xcconfig */;
			buildSettings = {
				ASSETCATALOG_COMPILER_APPICON_NAME = AppIcon;
				ASSETCATALOG_COMPILER_GLOBAL_ACCENT_COLOR_NAME = AccentColor;
				CODE_SIGN_ENTITLEMENTS = budgetize/budgetize.entitlements;
				CODE_SIGN_IDENTITY = "Apple Development";
				CODE_SIGN_STYLE = Automatic;
				CURRENT_PROJECT_VERSION = 1;
				DEVELOPMENT_ASSET_PATHS = "\"budgetize/Preview Content\"";
				DEVELOPMENT_TEAM = 5L3P894NU4;
				ENABLE_PREVIEWS = YES;
				GENERATE_INFOPLIST_FILE = YES;
				INFOPLIST_FILE = budgetize/Info.plist;
				INFOPLIST_KEY_UIApplicationSceneManifest_Generation = YES;
				INFOPLIST_KEY_UIApplicationSupportsIndirectInputEvents = YES;
				INFOPLIST_KEY_UISupportedInterfaceOrientations_iPad = "UIInterfaceOrientationPortrait UIInterfaceOrientationPortraitUpsideDown UIInterfaceOrientationLandscapeLeft UIInterfaceOrientationLandscapeRight";
				INFOPLIST_KEY_UISupportedInterfaceOrientations_iPhone = "UIInterfaceOrientationPortrait UIInterfaceOrientationLandscapeLeft UIInterfaceOrientationLandscapeRight";
				IPHONEOS_DEPLOYMENT_TARGET = 15.0;
				LD_RUNPATH_SEARCH_PATHS = (
					"$(inherited)",
					"@executable_path/Frameworks",
				);
				MARKETING_VERSION = 1.0;
				OTHER_LDFLAGS = (
					"$(inherited)",
					"-ObjC",
					"-l\"c++\"",
					"-l\"icucore\"",
					"-l\"z\"",
					"-framework",
					"\"AppAuth\"",
					"-framework",
					"\"CFNetwork\"",
					"-framework",
					"\"CoreGraphics\"",
					"-framework",
					"\"CoreTelephony\"",
					"-framework",
					"\"CoreText\"",
					"-framework",
					"\"FBLPromises\"",
					"-framework",
					"\"FirebaseAuth\"",
					"-framework",
					"\"FirebaseCore\"",
					"-framework",
					"\"FirebaseCoreDiagnostics\"",
					"-framework",
					"\"FirebaseDatabase\"",
					"-framework",
					"\"FirebaseFirestore\"",
					"-framework",
					"\"FirebaseFirestoreSwift\"",
					"-framework",
					"\"Foundation\"",
					"-framework",
					"\"GTMAppAuth\"",
					"-framework",
					"\"GTMSessionFetcher\"",
					"-framework",
					"\"GoogleDataTransport\"",
					"-framework",
					"\"GoogleSignIn\"",
					"-framework",
					"\"GoogleUtilities\"",
					"-framework",
					"\"LocalAuthentication\"",
					"-framework",
					"\"MobileCoreServices\"",
					"-framework",
					"\"Protobuf\"",
					"-framework",
					"\"SafariServices\"",
					"-framework",
					"\"Security\"",
					"-framework",
					"\"SwiftUIFontIcon\"",
					"-framework",
					"\"SystemConfiguration\"",
					"-framework",
					"\"UIKit\"",
					"-framework",
					"\"grpc\"",
					"-framework",
					"\"grpcpp\"",
					"-framework",
					"\"leveldb\"",
					"-framework",
					"\"nanopb\"",
					"-framework",
					"\"openssl_grpc\"",
					"-weak_framework",
					"\"AuthenticationServices\"",
				);
				PRODUCT_BUNDLE_IDENTIFIER = com.triplek.budgetize;
				PRODUCT_NAME = "$(TARGET_NAME)";
				PROVISIONING_PROFILE_SPECIFIER = "";
				SWIFT_EMIT_LOC_STRINGS = YES;
				SWIFT_VERSION = 5.0;
				TARGETED_DEVICE_FAMILY = 1;
			};
			name = Debug;
		};
		BA64372E27B42B630078BA6A /* Release */ = {
			isa = XCBuildConfiguration;
			baseConfigurationReference = 1098F9AE17D36723C489CF4E /* Pods-budgetize.release.xcconfig */;
			buildSettings = {
				ASSETCATALOG_COMPILER_APPICON_NAME = AppIcon;
				ASSETCATALOG_COMPILER_GLOBAL_ACCENT_COLOR_NAME = AccentColor;
				CODE_SIGN_ENTITLEMENTS = budgetize/budgetize.entitlements;
				CODE_SIGN_IDENTITY = "Apple Development";
				CODE_SIGN_STYLE = Automatic;
				CURRENT_PROJECT_VERSION = 1;
				DEVELOPMENT_ASSET_PATHS = "\"budgetize/Preview Content\"";
				DEVELOPMENT_TEAM = 5L3P894NU4;
				ENABLE_PREVIEWS = YES;
				GENERATE_INFOPLIST_FILE = YES;
				INFOPLIST_FILE = budgetize/Info.plist;
				INFOPLIST_KEY_UIApplicationSceneManifest_Generation = YES;
				INFOPLIST_KEY_UIApplicationSupportsIndirectInputEvents = YES;
				INFOPLIST_KEY_UISupportedInterfaceOrientations_iPad = "UIInterfaceOrientationPortrait UIInterfaceOrientationPortraitUpsideDown UIInterfaceOrientationLandscapeLeft UIInterfaceOrientationLandscapeRight";
				INFOPLIST_KEY_UISupportedInterfaceOrientations_iPhone = "UIInterfaceOrientationPortrait UIInterfaceOrientationLandscapeLeft UIInterfaceOrientationLandscapeRight";
				IPHONEOS_DEPLOYMENT_TARGET = 15.0;
				LD_RUNPATH_SEARCH_PATHS = (
					"$(inherited)",
					"@executable_path/Frameworks",
				);
				MARKETING_VERSION = 1.0;
				OTHER_LDFLAGS = (
					"$(inherited)",
					"-ObjC",
					"-l\"c++\"",
					"-l\"icucore\"",
					"-l\"z\"",
					"-framework",
					"\"AppAuth\"",
					"-framework",
					"\"CFNetwork\"",
					"-framework",
					"\"CoreGraphics\"",
					"-framework",
					"\"CoreTelephony\"",
					"-framework",
					"\"CoreText\"",
					"-framework",
					"\"FBLPromises\"",
					"-framework",
					"\"FirebaseAuth\"",
					"-framework",
					"\"FirebaseCore\"",
					"-framework",
					"\"FirebaseCoreDiagnostics\"",
					"-framework",
					"\"FirebaseDatabase\"",
					"-framework",
					"\"FirebaseFirestore\"",
					"-framework",
					"\"FirebaseFirestoreSwift\"",
					"-framework",
					"\"Foundation\"",
					"-framework",
					"\"GTMAppAuth\"",
					"-framework",
					"\"GTMSessionFetcher\"",
					"-framework",
					"\"GoogleDataTransport\"",
					"-framework",
					"\"GoogleSignIn\"",
					"-framework",
					"\"GoogleUtilities\"",
					"-framework",
					"\"LocalAuthentication\"",
					"-framework",
					"\"MobileCoreServices\"",
					"-framework",
					"\"Protobuf\"",
					"-framework",
					"\"SafariServices\"",
					"-framework",
					"\"Security\"",
					"-framework",
					"\"SwiftUIFontIcon\"",
					"-framework",
					"\"SystemConfiguration\"",
					"-framework",
					"\"UIKit\"",
					"-framework",
					"\"grpc\"",
					"-framework",
					"\"grpcpp\"",
					"-framework",
					"\"leveldb\"",
					"-framework",
					"\"nanopb\"",
					"-framework",
					"\"openssl_grpc\"",
					"-weak_framework",
					"\"AuthenticationServices\"",
				);
				PRODUCT_BUNDLE_IDENTIFIER = com.triplek.budgetize;
				PRODUCT_NAME = "$(TARGET_NAME)";
				PROVISIONING_PROFILE_SPECIFIER = "";
				SWIFT_EMIT_LOC_STRINGS = YES;
				SWIFT_VERSION = 5.0;
				TARGETED_DEVICE_FAMILY = 1;
			};
			name = Release;
		};
/* End XCBuildConfiguration section */

/* Begin XCConfigurationList section */
		BA64371927B42B610078BA6A /* Build configuration list for PBXProject "budgetize" */ = {
			isa = XCConfigurationList;
			buildConfigurations = (
				BA64372A27B42B630078BA6A /* Debug */,
				BA64372B27B42B630078BA6A /* Release */,
			);
			defaultConfigurationIsVisible = 0;
			defaultConfigurationName = Release;
		};
		BA64372C27B42B630078BA6A /* Build configuration list for PBXNativeTarget "budgetize" */ = {
			isa = XCConfigurationList;
			buildConfigurations = (
				BA64372D27B42B630078BA6A /* Debug */,
				BA64372E27B42B630078BA6A /* Release */,
			);
			defaultConfigurationIsVisible = 0;
			defaultConfigurationName = Release;
		};
/* End XCConfigurationList section */

/* Begin XCRemoteSwiftPackageReference section */
		80184567281D7BC9007AFAC9 /* XCRemoteSwiftPackageReference "swift-collections.git" */ = {
			isa = XCRemoteSwiftPackageReference;
			repositoryURL = "https://github.com/apple/swift-collections.git";
			requirement = {
				kind = upToNextMajorVersion;
				minimumVersion = 1.0.2;
			};
		};
/* End XCRemoteSwiftPackageReference section */

/* Begin XCSwiftPackageProductDependency section */
		80184568281D7BC9007AFAC9 /* Collections */ = {
			isa = XCSwiftPackageProductDependency;
			package = 80184567281D7BC9007AFAC9 /* XCRemoteSwiftPackageReference "swift-collections.git" */;
			productName = Collections;
		};
/* End XCSwiftPackageProductDependency section */
	};
	rootObject = BA64371627B42B610078BA6A /* Project object */;
}
